// !$*UTF8*$!
{
	archiveVersion = 1;
	classes = {
	};
	objectVersion = 46;
	objects = {

/* Begin PBXBuildFile section */
		28D44E3A1AD6E6A200D3FA65 /* AppDelegate.swift in Sources */ = {isa = PBXBuildFile; fileRef = 28D44E391AD6E6A200D3FA65 /* AppDelegate.swift */; };
		28D44E3C1AD6E6A200D3FA65 /* ViewController.swift in Sources */ = {isa = PBXBuildFile; fileRef = 28D44E3B1AD6E6A200D3FA65 /* ViewController.swift */; };
		28D44E3F1AD6E6A200D3FA65 /* Main.storyboard in Resources */ = {isa = PBXBuildFile; fileRef = 28D44E3D1AD6E6A200D3FA65 /* Main.storyboard */; };
		28D44E411AD6E6A200D3FA65 /* Images.xcassets in Resources */ = {isa = PBXBuildFile; fileRef = 28D44E401AD6E6A200D3FA65 /* Images.xcassets */; };
		28D44E441AD6E6A200D3FA65 /* LaunchScreen.xib in Resources */ = {isa = PBXBuildFile; fileRef = 28D44E421AD6E6A200D3FA65 /* LaunchScreen.xib */; };
		28D44E501AD6E6A200D3FA65 /* PostcardTests.swift in Sources */ = {isa = PBXBuildFile; fileRef = 28D44E4F1AD6E6A200D3FA65 /* PostcardTests.swift */; };
		28D44E5A1AD6F6C300D3FA65 /* SagradaFamilia.jpeg in Resources */ = {isa = PBXBuildFile; fileRef = 28D44E591AD6F6C300D3FA65 /* SagradaFamilia.jpeg */; };
		28D44E5C1AD6F98D00D3FA65 /* AlbertEinsteinStamp.jpg in Resources */ = {isa = PBXBuildFile; fileRef = 28D44E5B1AD6F98D00D3FA65 /* AlbertEinsteinStamp.jpg */; };
/* End PBXBuildFile section */

/* Begin PBXContainerItemProxy section */
		28D44E4A1AD6E6A200D3FA65 /* PBXContainerItemProxy */ = {
			isa = PBXContainerItemProxy;
			containerPortal = 28D44E2C1AD6E6A100D3FA65 /* Project object */;
			proxyType = 1;
			remoteGlobalIDString = 28D44E331AD6E6A200D3FA65;
			remoteInfo = Postcard;
		};
/* End PBXContainerItemProxy section */

/* Begin PBXFileReference section */
		28D44E341AD6E6A200D3FA65 /* Postcard.app */ = {isa = PBXFileReference; explicitFileType = wrapper.application; includeInIndex = 0; path = Postcard.app; sourceTree = BUILT_PRODUCTS_DIR; };
		28D44E381AD6E6A200D3FA65 /* Info.plist */ = {isa = PBXFileReference; lastKnownFileType = text.plist.xml; path = Info.plist; sourceTree = "<group>"; };
		28D44E391AD6E6A200D3FA65 /* AppDelegate.swift */ = {isa = PBXFileReference; lastKnownFileType = sourcecode.swift; path = AppDelegate.swift; sourceTree = "<group>"; };
		28D44E3B1AD6E6A200D3FA65 /* ViewController.swift */ = {isa = PBXFileReference; lastKnownFileType = sourcecode.swift; path = ViewController.swift; sourceTree = "<group>"; };
		28D44E3E1AD6E6A200D3FA65 /* Base */ = {isa = PBXFileReference; lastKnownFileType = file.storyboard; name = Base; path = Base.lproj/Main.storyboard; sourceTree = "<group>"; };
		28D44E401AD6E6A200D3FA65 /* Images.xcassets */ = {isa = PBXFileReference; lastKnownFileType = folder.assetcatalog; path = Images.xcassets; sourceTree = "<group>"; };
		28D44E431AD6E6A200D3FA65 /* Base */ = {isa = PBXFileReference; lastKnownFileType = file.xib; name = Base; path = Base.lproj/LaunchScreen.xib; sourceTree = "<group>"; };
		28D44E491AD6E6A200D3FA65 /* PostcardTests.xctest */ = {isa = PBXFileReference; explicitFileType = wrapper.cfbundle; includeInIndex = 0; path = PostcardTests.xctest; sourceTree = BUILT_PRODUCTS_DIR; };
		28D44E4E1AD6E6A200D3FA65 /* Info.plist */ = {isa = PBXFileReference; lastKnownFileType = text.plist.xml; path = Info.plist; sourceTree = "<group>"; };
		28D44E4F1AD6E6A200D3FA65 /* PostcardTests.swift */ = {isa = PBXFileReference; lastKnownFileType = sourcecode.swift; path = PostcardTests.swift; sourceTree = "<group>"; };
		28D44E591AD6F6C300D3FA65 /* SagradaFamilia.jpeg */ = {isa = PBXFileReference; lastKnownFileType = image.jpeg; path = SagradaFamilia.jpeg; sourceTree = "<group>"; };
		28D44E5B1AD6F98D00D3FA65 /* AlbertEinsteinStamp.jpg */ = {isa = PBXFileReference; lastKnownFileType = image.jpeg; path = AlbertEinsteinStamp.jpg; sourceTree = "<group>"; };
/* End PBXFileReference section */

/* Begin PBXFrameworksBuildPhase section */
		28D44E311AD6E6A200D3FA65 /* Frameworks */ = {
			isa = PBXFrameworksBuildPhase;
			buildActionMask = 2147483647;
			files = (
			);
			runOnlyForDeploymentPostprocessing = 0;
		};
		28D44E461AD6E6A200D3FA65 /* Frameworks */ = {
			isa = PBXFrameworksBuildPhase;
			buildActionMask = 2147483647;
			files = (
			);
			runOnlyForDeploymentPostprocessing = 0;
		};
/* End PBXFrameworksBuildPhase section */

/* Begin PBXGroup section */
		28D44E2B1AD6E6A100D3FA65 = {
			isa = PBXGroup;
			children = (
				28D44E361AD6E6A200D3FA65 /* Postcard */,
				28D44E4C1AD6E6A200D3FA65 /* PostcardTests */,
				28D44E351AD6E6A200D3FA65 /* Products */,
			);
			sourceTree = "<group>";
		};
		28D44E351AD6E6A200D3FA65 /* Products */ = {
			isa = PBXGroup;
			children = (
				28D44E341AD6E6A200D3FA65 /* Postcard.app */,
				28D44E491AD6E6A200D3FA65 /* PostcardTests.xctest */,
			);
			name = Products;
			sourceTree = "<group>";
		};
		28D44E361AD6E6A200D3FA65 /* Postcard */ = {
			isa = PBXGroup;
			children = (
				28D44E391AD6E6A200D3FA65 /* AppDelegate.swift */,
				28D44E3B1AD6E6A200D3FA65 /* ViewController.swift */,
				28D44E3D1AD6E6A200D3FA65 /* Main.storyboard */,
				28D44E401AD6E6A200D3FA65 /* Images.xcassets */,
				28D44E421AD6E6A200D3FA65 /* LaunchScreen.xib */,
				28D44E371AD6E6A200D3FA65 /* Supporting Files */,
			);
			path = Postcard;
			sourceTree = "<group>";
		};
		28D44E371AD6E6A200D3FA65 /* Supporting Files */ = {
			isa = PBXGroup;
			children = (
				28D44E5B1AD6F98D00D3FA65 /* AlbertEinsteinStamp.jpg */,
				28D44E591AD6F6C300D3FA65 /* SagradaFamilia.jpeg */,
				28D44E381AD6E6A200D3FA65 /* Info.plist */,
			);
			name = "Supporting Files";
			sourceTree = "<group>";
		};
		28D44E4C1AD6E6A200D3FA65 /* PostcardTests */ = {
			isa = PBXGroup;
			children = (
				28D44E4F1AD6E6A200D3FA65 /* PostcardTests.swift */,
				28D44E4D1AD6E6A200D3FA65 /* Supporting Files */,
			);
			path = PostcardTests;
			sourceTree = "<group>";
		};
		28D44E4D1AD6E6A200D3FA65 /* Supporting Files */ = {
			isa = PBXGroup;
			children = (
				28D44E4E1AD6E6A200D3FA65 /* Info.plist */,
			);
			name = "Supporting Files";
			sourceTree = "<group>";
		};
/* End PBXGroup section */

/* Begin PBXNativeTarget section */
		28D44E331AD6E6A200D3FA65 /* Postcard */ = {
			isa = PBXNativeTarget;
			buildConfigurationList = 28D44E531AD6E6A200D3FA65 /* Build configuration list for PBXNativeTarget "Postcard" */;
			buildPhases = (
				28D44E301AD6E6A200D3FA65 /* Sources */,
				28D44E311AD6E6A200D3FA65 /* Frameworks */,
				28D44E321AD6E6A200D3FA65 /* Resources */,
			);
			buildRules = (
			);
			dependencies = (
			);
			name = Postcard;
			productName = Postcard;
			productReference = 28D44E341AD6E6A200D3FA65 /* Postcard.app */;
			productType = "com.apple.product-type.application";
		};
		28D44E481AD6E6A200D3FA65 /* PostcardTests */ = {
			isa = PBXNativeTarget;
			buildConfigurationList = 28D44E561AD6E6A200D3FA65 /* Build configuration list for PBXNativeTarget "PostcardTests" */;
			buildPhases = (
				28D44E451AD6E6A200D3FA65 /* Sources */,
				28D44E461AD6E6A200D3FA65 /* Frameworks */,
				28D44E471AD6E6A200D3FA65 /* Resources */,
			);
			buildRules = (
			);
			dependencies = (
				28D44E4B1AD6E6A200D3FA65 /* PBXTargetDependency */,
			);
			name = PostcardTests;
			productName = PostcardTests;
			productReference = 28D44E491AD6E6A200D3FA65 /* PostcardTests.xctest */;
			productType = "com.apple.product-type.bundle.unit-test";
		};
/* End PBXNativeTarget section */

/* Begin PBXProject section */
		28D44E2C1AD6E6A100D3FA65 /* Project object */ = {
			isa = PBXProject;
			attributes = {
				LastUpgradeCheck = 0630;
				ORGANIZATIONNAME = LightningCastleEntertainment;
				TargetAttributes = {
					28D44E331AD6E6A200D3FA65 = {
						CreatedOnToolsVersion = 6.3;
						DevelopmentTeam = 838DCUU34H;
					};
					28D44E481AD6E6A200D3FA65 = {
						CreatedOnToolsVersion = 6.3;
						TestTargetID = 28D44E331AD6E6A200D3FA65;
					};
				};
			};
			buildConfigurationList = 28D44E2F1AD6E6A100D3FA65 /* Build configuration list for PBXProject "Postcard" */;
			compatibilityVersion = "Xcode 3.2";
			developmentRegion = English;
			hasScannedForEncodings = 0;
			knownRegions = (
				en,
				Base,
			);
			mainGroup = 28D44E2B1AD6E6A100D3FA65;
			productRefGroup = 28D44E351AD6E6A200D3FA65 /* Products */;
			projectDirPath = "";
			projectRoot = "";
			targets = (
				28D44E331AD6E6A200D3FA65 /* Postcard */,
				28D44E481AD6E6A200D3FA65 /* PostcardTests */,
			);
		};
/* End PBXProject section */

/* Begin PBXResourcesBuildPhase section */
		28D44E321AD6E6A200D3FA65 /* Resources */ = {
			isa = PBXResourcesBuildPhase;
			buildActionMask = 2147483647;
			files = (
				28D44E3F1AD6E6A200D3FA65 /* Main.storyboard in Resources */,
				28D44E5A1AD6F6C300D3FA65 /* SagradaFamilia.jpeg in Resources */,
				28D44E5C1AD6F98D00D3FA65 /* AlbertEinsteinStamp.jpg in Resources */,
				28D44E441AD6E6A200D3FA65 /* LaunchScreen.xib in Resources */,
				28D44E411AD6E6A200D3FA65 /* Images.xcassets in Resources */,
			);
			runOnlyForDeploymentPostprocessing = 0;
		};
		28D44E471AD6E6A200D3FA65 /* Resources */ = {
			isa = PBXResourcesBuildPhase;
			buildActionMask = 2147483647;
			files = (
			);
			runOnlyForDeploymentPostprocessing = 0;
		};
/* End PBXResourcesBuildPhase section */

/* Begin PBXSourcesBuildPhase section */
		28D44E301AD6E6A200D3FA65 /* Sources */ = {
			isa = PBXSourcesBuildPhase;
			buildActionMask = 2147483647;
			files = (
				28D44E3C1AD6E6A200D3FA65 /* ViewController.swift in Sources */,
				28D44E3A1AD6E6A200D3FA65 /* AppDelegate.swift in Sources */,
			);
			runOnlyForDeploymentPostprocessing = 0;
		};
		28D44E451AD6E6A200D3FA65 /* Sources */ = {
			isa = PBXSourcesBuildPhase;
			buildActionMask = 2147483647;
			files = (
				28D44E501AD6E6A200D3FA65 /* PostcardTests.swift in Sources */,
			);
			runOnlyForDeploymentPostprocessing = 0;
		};
/* End PBXSourcesBuildPhase section */

/* Begin PBXTargetDependency section */
		28D44E4B1AD6E6A200D3FA65 /* PBXTargetDependency */ = {
			isa = PBXTargetDependency;
			target = 28D44E331AD6E6A200D3FA65 /* Postcard */;
			targetProxy = 28D44E4A1AD6E6A200D3FA65 /* PBXContainerItemProxy */;
		};
/* End PBXTargetDependency section */

/* Begin PBXVariantGroup section */
		28D44E3D1AD6E6A200D3FA65 /* Main.storyboard */ = {
			isa = PBXVariantGroup;
			children = (
				28D44E3E1AD6E6A200D3FA65 /* Base */,
			);
			name = Main.storyboard;
			sourceTree = "<group>";
		};
		28D44E421AD6E6A200D3FA65 /* LaunchScreen.xib */ = {
			isa = PBXVariantGroup;
			children = (
				28D44E431AD6E6A200D3FA65 /* Base */,
			);
			name = LaunchScreen.xib;
			sourceTree = "<group>";
		};
/* End PBXVariantGroup section */

/* Begin XCBuildConfiguration section */
		28D44E511AD6E6A200D3FA65 /* Debug */ = {
			isa = XCBuildConfiguration;
			buildSettings = {
				ALWAYS_SEARCH_USER_PATHS = NO;
				CLANG_CXX_LANGUAGE_STANDARD = "gnu++0x";
				CLANG_CXX_LIBRARY = "libc++";
				CLANG_ENABLE_MODULES = YES;
				CLANG_ENABLE_OBJC_ARC = YES;
				CLANG_WARN_BOOL_CONVERSION = YES;
				CLANG_WARN_CONSTANT_CONVERSION = YES;
				CLANG_WARN_DIRECT_OBJC_ISA_USAGE = YES_ERROR;
				CLANG_WARN_EMPTY_BODY = YES;
				CLANG_WARN_ENUM_CONVERSION = YES;
				CLANG_WARN_INT_CONVERSION = YES;
				CLANG_WARN_OBJC_ROOT_CLASS = YES_ERROR;
				CLANG_WARN_UNREACHABLE_CODE = YES;
				CLANG_WARN__DUPLICATE_METHOD_MATCH = YES;
				"CODE_SIGN_IDENTITY[sdk=iphoneos*]" = "iPhone Developer";
				COPY_PHASE_STRIP = NO;
				DEBUG_INFORMATION_FORMAT = "dwarf-with-dsym";
				ENABLE_STRICT_OBJC_MSGSEND = YES;
				GCC_C_LANGUAGE_STANDARD = gnu99;
				GCC_DYNAMIC_NO_PIC = NO;
				GCC_NO_COMMON_BLOCKS = YES;
				GCC_OPTIMIZATION_LEVEL = 0;
				GCC_PREPROCESSOR_DEFINITIONS = (
					"DEBUG=1",
					"$(inherited)",
				);
				GCC_SYMBOLS_PRIVATE_EXTERN = NO;
				GCC_WARN_64_TO_32_BIT_CONVERSION = YES;
				GCC_WARN_ABOUT_RETURN_TYPE = YES_ERROR;
				GCC_WARN_UNDECLARED_SELECTOR = YES;
				GCC_WARN_UNINITIALIZED_AUTOS = YES_AGGRESSIVE;
				GCC_WARN_UNUSED_FUNCTION = YES;
				GCC_WARN_UNUSED_VARIABLE = YES;
				IPHONEOS_DEPLOYMENT_TARGET = 8.3;
				MTL_ENABLE_DEBUG_INFO = YES;
				ONLY_ACTIVE_ARCH = YES;
				SDKROOT = iphoneos;
				SWIFT_OPTIMIZATION_LEVEL = "-Onone";
				TARGETED_DEVICE_FAMILY = "1,2";
			};
			name = Debug;
		};
		28D44E521AD6E6A200D3FA65 /* Release */ = {
			isa = XCBuildConfiguration;
			buildSettings = {
				ALWAYS_SEARCH_USER_PATHS = NO;
				CLANG_CXX_LANGUAGE_STANDARD = "gnu++0x";
				CLANG_CXX_LIBRARY = "libc++";
				CLANG_ENABLE_MODULES = YES;
				CLANG_ENABLE_OBJC_ARC = YES;
				CLANG_WARN_BOOL_CONVERSION = YES;
				CLANG_WARN_CONSTANT_CONVERSION = YES;
				CLANG_WARN_DIRECT_OBJC_ISA_USAGE = YES_ERROR;
				CLANG_WARN_EMPTY_BODY = YES;
				CLANG_WARN_ENUM_CONVERSION = YES;
				CLANG_WARN_INT_CONVERSION = YES;
				CLANG_WARN_OBJC_ROOT_CLASS = YES_ERROR;
				CLANG_WARN_UNREACHABLE_CODE = YES;
				CLANG_WARN__DUPLICATE_METHOD_MATCH = YES;
				"CODE_SIGN_IDENTITY[sdk=iphoneos*]" = "iPhone Developer";
				COPY_PHASE_STRIP = NO;
				DEBUG_INFORMATION_FORMAT = "dwarf-with-dsym";
				ENABLE_NS_ASSERTIONS = NO;
				ENABLE_STRICT_OBJC_MSGSEND = YES;
				GCC_C_LANGUAGE_STANDARD = gnu99;
				GCC_NO_COMMON_BLOCKS = YES;
				GCC_WARN_64_TO_32_BIT_CONVERSION = YES;
				GCC_WARN_ABOUT_RETURN_TYPE = YES_ERROR;
				GCC_WARN_UNDECLARED_SELECTOR = YES;
				GCC_WARN_UNINITIALIZED_AUTOS = YES_AGGRESSIVE;
				GCC_WARN_UNUSED_FUNCTION = YES;
				GCC_WARN_UNUSED_VARIABLE = YES;
				IPHONEOS_DEPLOYMENT_TARGET = 8.3;
				MTL_ENABLE_DEBUG_INFO = NO;
				SDKROOT = iphoneos;
				TARGETED_DEVICE_FAMILY = "1,2";
				VALIDATE_PRODUCT = YES;
			};
			name = Release;
		};
		28D44E541AD6E6A200D3FA65 /* Debug */ = {
			isa = XCBuildConfiguration;
			buildSettings = {
				ASSETCATALOG_COMPILER_APPICON_NAME = AppIcon;
				CODE_SIGN_IDENTITY = "iPhone Developer";
				INFOPLIST_FILE = Postcard/Info.plist;
				LD_RUNPATH_SEARCH_PATHS = "$(inherited) @executable_path/Frameworks";
				PRODUCT_NAME = "$(TARGET_NAME)";
				TARGETED_DEVICE_FAMILY = "1,2";
			};
			name = Debug;
		};
		28D44E551AD6E6A200D3FA65 /* Release */ = {
			isa = XCBuildConfiguration;
			buildSettings = {
				ASSETCATALOG_COMPILER_APPICON_NAME = AppIcon;
				CODE_SIGN_IDENTITY = "iPhone Developer";
				INFOPLIST_FILE = Postcard/Info.plist;
				LD_RUNPATH_SEARCH_PATHS = "$(inherited) @executable_path/Frameworks";
				PRODUCT_NAME = "$(TARGET_NAME)";
				TARGETED_DEVICE_FAMILY = "1,2";
			};
			name = Release;
		};
		28D44E571AD6E6A200D3FA65 /* Debug */ = {
			isa = XCBuildConfiguration;
			buildSettings = {
				BUNDLE_LOADER = "$(TEST_HOST)";
				FRAMEWORK_SEARCH_PATHS = (
					"$(SDKROOT)/Developer/Library/Frameworks",
					"$(inherited)",
				);
				GCC_PREPROCESSOR_DEFINITIONS = (
					"DEBUG=1",
					"$(inherited)",
				);
				INFOPLIST_FILE = PostcardTests/Info.plist;
				LD_RUNPATH_SEARCH_PATHS = "$(inherited) @executable_path/Frameworks @loader_path/Frameworks";
				PRODUCT_NAME = "$(TARGET_NAME)";
				TEST_HOST = "$(BUILT_PRODUCTS_DIR)/Postcard.app/Postcard";
			};
			name = Debug;
		};
		28D44E581AD6E6A200D3FA65 /* Release */ = {
			isa = XCBuildConfiguration;
			buildSettings = {
				BUNDLE_LOADER = "$(TEST_HOST)";
				FRAMEWORK_SEARCH_PATHS = (
					"$(SDKROOT)/Developer/Library/Frameworks",
					"$(inherited)",
				);
				INFOPLIST_FILE = PostcardTests/Info.plist;
				LD_RUNPATH_SEARCH_PATHS = "$(inherited) @executable_path/Frameworks @loader_path/Frameworks";
				PRODUCT_NAME = "$(TARGET_NAME)";
				TEST_HOST = "$(BUILT_PRODUCTS_DIR)/Postcard.app/Postcard";
			};
			name = Release;
		};
/* End XCBuildConfiguration section */

/* Begin XCConfigurationList section */
		28D44E2F1AD6E6A100D3FA65 /* Build configuration list for PBXProject "Postcard" */ = {
			isa = XCConfigurationList;
			buildConfigurations = (
				28D44E511AD6E6A200D3FA65 /* Debug */,
				28D44E521AD6E6A200D3FA65 /* Release */,
			);
			defaultConfigurationIsVisible = 0;
			defaultConfigurationName = Release;
		};
		28D44E531AD6E6A200D3FA65 /* Build configuration list for PBXNativeTarget "Postcard" */ = {
			isa = XCConfigurationList;
			buildConfigurations = (
				28D44E541AD6E6A200D3FA65 /* Debug */,
				28D44E551AD6E6A200D3FA65 /* Release */,
			);
			defaultConfigurationIsVisible = 0;
		};
		28D44E561AD6E6A200D3FA65 /* Build configuration list for PBXNativeTarget "PostcardTests" */ = {
			isa = XCConfigurationList;
			buildConfigurations = (
				28D44E571AD6E6A200D3FA65 /* Debug */,
				28D44E581AD6E6A200D3FA65 /* Release */,
			);
			defaultConfigurationIsVisible = 0;
		};
/* End XCConfigurationList section */
	};
	rootObject = 28D44E2C1AD6E6A100D3FA65 /* Project object */;
}
